lockfileVersion: '9.0'

settings:
  autoInstallPeers: true
  excludeLinksFromLockfile: false

importers:

  .:
    dependencies:
      pnpm:
        specifier: 10.30.2
        version: 10.30.2
      typescript:
        specifier: ^6.0.3
        version: 6.0.3
      zod:
        specifier: ^4.4.3
        version: 4.4.3

packages:

  pnpm@10.30.2:
    resolution: {integrity: sha512-Ns3HB+e3lAqYjJwez4jQhPhRS1w/CF9TouJEwpIdOyVFvCDdTr4fwkX+7EY7spiuzqemPtH3aAuHfcY3nY0MtA==}
    engines: {node: '>=18.12'}
    hasBin: true

  typescript@6.0.3:
    resolution: {integrity: sha512-y2TvuxSZPDyQakkFRPZHKFm+KKVqIisdg9/CZwm9ftvKXLP8NRWj38/ODjNbr43SsoXqNuAisEf1GdCxqWcdBw==}
    engines: {node: '>=14.17'}
    hasBin: true

  zod@4.4.3:
    resolution: {integrity: sha512-ytENFjIJFl2UwYglde2jchW2Hwm4GJFLDiSXWdTrJQBIN9Fcyp7n4DhxJEiWNAJMV1/BqWfW/kkg71UDcHJyTQ==}

snapshots:

  pnpm@10.30.2: {}

  typescript@6.0.3: {}

  zod@4.4.3: {}
